
Microsoft Visual Studio Solution File, Format Version 12.00
# Visual Studio Version 17
VisualStudioVersion = 17.12.35506.116 d17.12
MinimumVisualStudioVersion = 10.0.40219.1
Project("{FAE04EC0-301F-11D3-BF4B-00C04F79EFBC}") = "PortfolioProject-3", "PortfolioProject-3\PortfolioProject-3.csproj", "{57605FF9-B2C9-4F33-91F9-7D9BE8452AA4}"
EndProject
Global
	GlobalSection(SolutionConfigurationPlatforms) = preSolution
		Debug|Any CPU = Debug|Any CPU
		Release|Any CPU = Release|Any CPU
	EndGlobalSection
	GlobalSection(ProjectConfigurationPlatforms) = postSolution
		{57605FF9-B2C9-4F33-91F9-7D9BE8452AA4}.Debug|Any CPU.ActiveCfg = Debug|Any CPU
		{57605FF9-B2C9-4F33-91F9-7D9BE8452AA4}.Debug|Any CPU.Build.0 = Debug|Any CPU
		{57605FF9-B2C9-4F33-91F9-7D9BE8452AA4}.Release|Any CPU.ActiveCfg = Release|Any CPU
		{57605FF9-B2C9-4F33-91F9-7D9BE8452AA4}.Release|Any CPU.Build.0 = Release|Any CPU
	EndGlobalSection
	GlobalSection(SolutionProperties) = preSolution
		HideSolutionNode = FALSE
	EndGlobalSection
EndGlobal
